
Microsoft Visual Studio Solution File, Format Version 12.00
# Visual Studio 15
VisualStudioVersion = 15.0.26124.0
MinimumVisualStudioVersion = 15.0.26124.0
Project("{2150E333-8FDC-42A3-9474-1A3956D46DE8}") = "src", "src", "{EA26C1BB-4475-4604-8E83-03749DDE0FDF}"
EndProject
Project("{FAE04EC0-301F-11D3-BF4B-00C04F79EFBC}") = "IonConverter", "src\IonConverter\IonConverter.csproj", "{DE6FF49A-11B5-4AED-8830-3C3C788D0397}"
EndProject
Project("{2150E333-8FDC-42A3-9474-1A3956D46DE8}") = "test", "test", "{475E3009-BBCD-4164-96DC-81A24EC5BAA2}"
EndProject
Project("{FAE04EC0-301F-11D3-BF4B-00C04F79EFBC}") = "IonConverter.Tests", "test\IonConverter.Tests\IonConverter.Tests.csproj", "{B8579BCA-8C1A-4AD9-B49E-8E3D5E358E56}"
EndProject
Global
	GlobalSection(SolutionConfigurationPlatforms) = preSolution
		Debug|Any CPU = Debug|Any CPU
		Debug|x64 = Debug|x64
		Debug|x86 = Debug|x86
		Release|Any CPU = Release|Any CPU
		Release|x64 = Release|x64
		Release|x86 = Release|x86
	EndGlobalSection
	GlobalSection(SolutionProperties) = preSolution
		HideSolutionNode = FALSE
	EndGlobalSection
	GlobalSection(ProjectConfigurationPlatforms) = postSolution
		{DE6FF49A-11B5-4AED-8830-3C3C788D0397}.Debug|Any CPU.ActiveCfg = Debug|Any CPU
		{DE6FF49A-11B5-4AED-8830-3C3C788D0397}.Debug|Any CPU.Build.0 = Debug|Any CPU
		{DE6FF49A-11B5-4AED-8830-3C3C788D0397}.Debug|x64.ActiveCfg = Debug|Any CPU
		{DE6FF49A-11B5-4AED-8830-3C3C788D0397}.Debug|x64.Build.0 = Debug|Any CPU
		{DE6FF49A-11B5-4AED-8830-3C3C788D0397}.Debug|x86.ActiveCfg = Debug|Any CPU
		{DE6FF49A-11B5-4AED-8830-3C3C788D0397}.Debug|x86.Build.0 = Debug|Any CPU
		{DE6FF49A-11B5-4AED-8830-3C3C788D0397}.Release|Any CPU.ActiveCfg = Release|Any CPU
		{DE6FF49A-11B5-4AED-8830-3C3C788D0397}.Release|Any CPU.Build.0 = Release|Any CPU
		{DE6FF49A-11B5-4AED-8830-3C3C788D0397}.Release|x64.ActiveCfg = Release|Any CPU
		{DE6FF49A-11B5-4AED-8830-3C3C788D0397}.Release|x64.Build.0 = Release|Any CPU
		{DE6FF49A-11B5-4AED-8830-3C3C788D0397}.Release|x86.ActiveCfg = Release|Any CPU
		{DE6FF49A-11B5-4AED-8830-3C3C788D0397}.Release|x86.Build.0 = Release|Any CPU
		{B8579BCA-8C1A-4AD9-B49E-8E3D5E358E56}.Debug|Any CPU.ActiveCfg = Debug|Any CPU
		{B8579BCA-8C1A-4AD9-B49E-8E3D5E358E56}.Debug|Any CPU.Build.0 = Debug|Any CPU
		{B8579BCA-8C1A-4AD9-B49E-8E3D5E358E56}.Debug|x64.ActiveCfg = Debug|Any CPU
		{B8579BCA-8C1A-4AD9-B49E-8E3D5E358E56}.Debug|x64.Build.0 = Debug|Any CPU
		{B8579BCA-8C1A-4AD9-B49E-8E3D5E358E56}.Debug|x86.ActiveCfg = Debug|Any CPU
		{B8579BCA-8C1A-4AD9-B49E-8E3D5E358E56}.Debug|x86.Build.0 = Debug|Any CPU
		{B8579BCA-8C1A-4AD9-B49E-8E3D5E358E56}.Release|Any CPU.ActiveCfg = Release|Any CPU
		{B8579BCA-8C1A-4AD9-B49E-8E3D5E358E56}.Release|Any CPU.Build.0 = Release|Any CPU
		{B8579BCA-8C1A-4AD9-B49E-8E3D5E358E56}.Release|x64.ActiveCfg = Release|Any CPU
		{B8579BCA-8C1A-4AD9-B49E-8E3D5E358E56}.Release|x64.Build.0 = Release|Any CPU
		{B8579BCA-8C1A-4AD9-B49E-8E3D5E358E56}.Release|x86.ActiveCfg = Release|Any CPU
		{B8579BCA-8C1A-4AD9-B49E-8E3D5E358E56}.Release|x86.Build.0 = Release|Any CPU
	EndGlobalSection
	GlobalSection(NestedProjects) = preSolution
		{DE6FF49A-11B5-4AED-8830-3C3C788D0397} = {EA26C1BB-4475-4604-8E83-03749DDE0FDF}
		{B8579BCA-8C1A-4AD9-B49E-8E3D5E358E56} = {475E3009-BBCD-4164-96DC-81A24EC5BAA2}
	EndGlobalSection
EndGlobal
